<?xml version="1.0" encoding="utf-8"?>
<Project ToolsVersion="4.0" xmlns="http://schemas.microsoft.com/developer/msbuild/2003">
  <ItemGroup>
    <Filter Include="Source Files">
      <UniqueIdentifier>{4FC737F1-C7A5-4376-A066-2A32D752A2FF}</UniqueIdentifier>
      <Extensions>cpp;c;cc;cxx;def;odl;idl;hpj;bat;asm;asmx</Extensions>
    </Filter>
    <Filter Include="Header Files">
      <UniqueIdentifier>{93995380-89BD-4b04-88EB-625FBE52EBFB}</UniqueIdentifier>
      <Extensions>h;hpp;hxx;hm;inl;inc;xsd</Extensions>
    </Filter>
    <Filter Include="Resource Files">
      <UniqueIdentifier>{67DA6AB6-F800-4c08-8B7A-83BB121AAD01}</UniqueIdentifier>
      <Extensions>rc;ico;cur;bmp;dlg;rc2;rct;bin;rgs;gif;jpg;jpeg;jpe;resx;tiff;tif;png;wav;mfcribbon-ms</Extensions>
    </Filter>
    <Filter Include="Source Files\scenes">
      <UniqueIdentifier>{1c2c424a-5af3-488b-8d38-7505c5ebb7f4}</UniqueIdentifier>
    </Filter>
  </ItemGroup>
  <ItemGroup>
    <ClCompile Include="intersect.cpp">
      <Filter>Source Files</Filter>
    </ClCompile>
    <ClCompile Include="kd_tree.cpp">
      <Filter>Source Files</Filter>
    </ClCompile>
    <ClCompile Include="main.cpp">
      <Filter>Source Files</Filter>
    </ClCompile>
    <ClCompile Include="readfile.cpp">
      <Filter>Source Files</Filter>
    </ClCompile>
    <ClCompile Include="shader.cpp">
      <Filter>Source Files</Filter>
    </ClCompile>
    <ClCompile Include="photon.cpp">
      <Filter>Source Files</Filter>
    </ClCompile>
  </ItemGroup>
  <ItemGroup>
    <ClInclude Include="intersect.h">
      <Filter>Header Files</Filter>
    </ClInclude>
    <ClInclude Include="kd_tree.h">
      <Filter>Header Files</Filter>
    </ClInclude>
    <ClInclude Include="matrix_vector.h">
      <Filter>Header Files</Filter>
    </ClInclude>
    <ClInclude Include="readfile.h">
      <Filter>Header Files</Filter>
    </ClInclude>
    <ClInclude Include="shader.h">
      <Filter>Header Files</Filter>
    </ClInclude>
    <ClInclude Include="variables.h">
      <Filter>Header Files</Filter>
    </ClInclude>
    <ClInclude Include="aligned_array.h">
      <Filter>Header Files</Filter>
    </ClInclude>
    <ClInclude Include="photon.h">
      <Filter>Header Files</Filter>
    </ClInclude>
  </ItemGroup>
  <ItemGroup>
    <None Include="testscenes\scene_test.test">
      <Filter>Source Files\scenes</Filter>
    </None>
    <None Include="testscenes\scene1.test">
      <Filter>Source Files\scenes</Filter>
    </None>
    <None Include="testscenes\scene2.test">
      <Filter>Source Files\scenes</Filter>
    </None>
    <None Include="testscenes\scene3.test">
      <Filter>Source Files\scenes</Filter>
    </None>
    <None Include="testscenes\scene4-ambient.test">
      <Filter>Source Files\scenes</Filter>
    </None>
    <None Include="testscenes\scene4-diffuse.test">
      <Filter>Source Files\scenes</Filter>
    </None>
    <None Include="testscenes\scene4-emission.test">
      <Filter>Source Files\scenes</Filter>
    </None>
    <None Include="testscenes\scene4-specular.test">
      <Filter>Source Files\scenes</Filter>
    </None>
    <None Include="testscenes\scene5.test">
      <Filter>Source Files\scenes</Filter>
    </None>
    <None Include="testscenes\scene6.test">
      <Filter>Source Files\scenes</Filter>
    </None>
    <None Include="testscenes\scene7.test">
      <Filter>Source Files\scenes</Filter>
    </None>
    <None Include="testscenes\scene6tri.test">
      <Filter>Source Files\scenes</Filter>
    </None>
    <None Include="testscenes\Idol_scene.test">
      <Filter>Source Files\scenes</Filter>
    </None>
  </ItemGroup>
</Project>